<?xml version="1.0" encoding="utf-8"?>
<Project ToolsVersion="4.0" xmlns="http://schemas.microsoft.com/developer/msbuild/2003">
  <ItemGroup>
    <ClCompile Include="main.cpp" />
    <ClCompile Include="Application.cpp" />
    <ClCompile Include="Msg\AccountMsg.cpp">
      <Filter>Msg</Filter>
    </ClCompile>
    <ClCompile Include="Msg\BaseMsg.cpp">
      <Filter>Msg</Filter>
    </ClCompile>
    <ClCompile Include="Base\Entry.cpp">
      <Filter>Base</Filter>
    </ClCompile>
    <ClCompile Include="Base\Action.cpp">
      <Filter>Base</Filter>
    </ClCompile>
    <ClCompile Include="Action\Action1000.cpp">
      <Filter>Action</Filter>
    </ClCompile>
    <ClCompile Include="Action\Action1002.cpp">
      <Filter>Action</Filter>
    </ClCompile>
    <ClCompile Include="Action\Action9000.cpp">
      <Filter>Action</Filter>
    </ClCompile>
    <ClCompile Include="Context\Context.cpp">
      <Filter>Context</Filter>
    </ClCompile>
    <ClCompile Include="Context\GameServers.cpp">
      <Filter>Context</Filter>
    </ClCompile>
    <ClCompile Include="Context\OnlineOvertime.cpp">
      <Filter>Context</Filter>
    </ClCompile>
    <ClCompile Include="Context\ActionFactory.cpp">
      <Filter>Context</Filter>
    </ClCompile>
    <ClCompile Include="Base\Handler.cpp">
      <Filter>Base</Filter>
    </ClCompile>
    <ClCompile Include="Msg\SysMsg.cpp">
      <Filter>Msg</Filter>
    </ClCompile>
    <ClCompile Include="Entry\AccountEntry.cpp">
      <Filter>Entry</Filter>
    </ClCompile>
  </ItemGroup>
  <ItemGroup>
    <Filter Include="Msg">
      <UniqueIdentifier>{235caef1-4904-4cb3-aeb3-94265542ebc4}</UniqueIdentifier>
    </Filter>
    <Filter Include="Base">
      <UniqueIdentifier>{38ea994c-2fa3-4cd1-b4c4-49fcce2390a1}</UniqueIdentifier>
    </Filter>
    <Filter Include="Action">
      <UniqueIdentifier>{8dfd851f-61f2-4165-8f12-85d3d8fa569a}</UniqueIdentifier>
    </Filter>
    <Filter Include="Context">
      <UniqueIdentifier>{b2fa3f71-09bc-4816-bf89-0e77611ab310}</UniqueIdentifier>
    </Filter>
    <Filter Include="Entry">
      <UniqueIdentifier>{ee5f1c16-605a-4042-aed9-86982cca4035}</UniqueIdentifier>
    </Filter>
  </ItemGroup>
  <ItemGroup>
    <ClInclude Include="Application.h" />
    <ClInclude Include="Msg\AccountMsg.h">
      <Filter>Msg</Filter>
    </ClInclude>
    <ClInclude Include="Msg\BaseMsg.h">
      <Filter>Msg</Filter>
    </ClInclude>
    <ClInclude Include="Msg\MsgType.h">
      <Filter>Msg</Filter>
    </ClInclude>
    <ClInclude Include="Base\Entry.h">
      <Filter>Base</Filter>
    </ClInclude>
    <ClInclude Include="Base\Action.h">
      <Filter>Base</Filter>
    </ClInclude>
    <ClInclude Include="Base\IActionFactory.h">
      <Filter>Base</Filter>
    </ClInclude>
    <ClInclude Include="Action\Action1000.h">
      <Filter>Action</Filter>
    </ClInclude>
    <ClInclude Include="Action\Action1002.h">
      <Filter>Action</Filter>
    </ClInclude>
    <ClInclude Include="Action\Action9000.h">
      <Filter>Action</Filter>
    </ClInclude>
    <ClInclude Include="Context\Context.h">
      <Filter>Context</Filter>
    </ClInclude>
    <ClInclude Include="Context\GameServers.h">
      <Filter>Context</Filter>
    </ClInclude>
    <ClInclude Include="Context\OnlineOvertime.h">
      <Filter>Context</Filter>
    </ClInclude>
    <ClInclude Include="Context\ActionFactory.h">
      <Filter>Context</Filter>
    </ClInclude>
    <ClInclude Include="Base\Handler.h">
      <Filter>Base</Filter>
    </ClInclude>
    <ClInclude Include="Msg\SysMsg.h">
      <Filter>Msg</Filter>
    </ClInclude>
    <ClInclude Include="Entry\AccountEntry.h">
      <Filter>Entry</Filter>
    </ClInclude>
  </ItemGroup>
</Project>