<?xml version="1.0" encoding="utf-8"?>
<Project ToolsVersion="4.0" xmlns="http://schemas.microsoft.com/developer/msbuild/2003">
  <ItemGroup>
    <ClCompile Include="main.cpp" />
    <ClCompile Include="Application.cpp" />
    <ClCompile Include="Msg\AccountMsg.cpp">
      <Filter>Msg</Filter>
    </ClCompile>
    <ClCompile Include="Msg\BaseMsg.cpp">
      <Filter>Msg</Filter>
    </ClCompile>
    <ClCompile Include="Response\LoginResponse.cpp">
      <Filter>Response</Filter>
    </ClCompile>
    <ClCompile Include="Response\Response.cpp">
      <Filter>Response</Filter>
    </ClCompile>
    <ClCompile Include="Timer\LoginOverTime.cpp">
      <Filter>Timer</Filter>
    </ClCompile>
    <ClCompile Include="Base\Entry.cpp">
      <Filter>Base</Filter>
    </ClCompile>
    <ClCompile Include="Base\Action.cpp">
      <Filter>Base</Filter>
    </ClCompile>
    <ClCompile Include="Action\Action1000.cpp">
      <Filter>Action</Filter>
    </ClCompile>
    <ClCompile Include="Action\Action1002.cpp">
      <Filter>Action</Filter>
    </ClCompile>
    <ClCompile Include="Action\Action9000.cpp">
      <Filter>Action</Filter>
    </ClCompile>
    <ClCompile Include="Context\Context.cpp">
      <Filter>Context</Filter>
    </ClCompile>
    <ClCompile Include="Context\GameServers.cpp">
      <Filter>Context</Filter>
    </ClCompile>
    <ClCompile Include="Entry\PlayerEntry.cpp">
      <Filter>Entry</Filter>
    </ClCompile>
    <ClCompile Include="Context\PlayerActionFactory.cpp">
      <Filter>Context</Filter>
    </ClCompile>
    <ClCompile Include="Entry\ServerEntry.cpp">
      <Filter>Entry</Filter>
    </ClCompile>
    <ClCompile Include="Context\ServerActionFactory.cpp">
      <Filter>Context</Filter>
    </ClCompile>
    <ClCompile Include="Context\OnlineOvertime.cpp">
      <Filter>Context</Filter>
    </ClCompile>
  </ItemGroup>
  <ItemGroup>
    <Filter Include="Msg">
      <UniqueIdentifier>{235caef1-4904-4cb3-aeb3-94265542ebc4}</UniqueIdentifier>
    </Filter>
    <Filter Include="Response">
      <UniqueIdentifier>{9a3f06b9-5740-45cb-b90f-a6617ad27e26}</UniqueIdentifier>
    </Filter>
    <Filter Include="Timer">
      <UniqueIdentifier>{00f5f7ae-a6ef-4421-8b11-e40a2f065116}</UniqueIdentifier>
    </Filter>
    <Filter Include="Base">
      <UniqueIdentifier>{38ea994c-2fa3-4cd1-b4c4-49fcce2390a1}</UniqueIdentifier>
    </Filter>
    <Filter Include="Action">
      <UniqueIdentifier>{8dfd851f-61f2-4165-8f12-85d3d8fa569a}</UniqueIdentifier>
    </Filter>
    <Filter Include="Context">
      <UniqueIdentifier>{b2fa3f71-09bc-4816-bf89-0e77611ab310}</UniqueIdentifier>
    </Filter>
    <Filter Include="Entry">
      <UniqueIdentifier>{ee5f1c16-605a-4042-aed9-86982cca4035}</UniqueIdentifier>
    </Filter>
  </ItemGroup>
  <ItemGroup>
    <ClInclude Include="Application.h" />
    <ClInclude Include="Msg\AccountMsg.h">
      <Filter>Msg</Filter>
    </ClInclude>
    <ClInclude Include="Msg\BaseMsg.h">
      <Filter>Msg</Filter>
    </ClInclude>
    <ClInclude Include="Response\LoginResponse.h">
      <Filter>Response</Filter>
    </ClInclude>
    <ClInclude Include="Response\Response.h">
      <Filter>Response</Filter>
    </ClInclude>
    <ClInclude Include="Msg\MsgType.h">
      <Filter>Msg</Filter>
    </ClInclude>
    <ClInclude Include="Timer\LoginOverTime.h">
      <Filter>Timer</Filter>
    </ClInclude>
    <ClInclude Include="Base\Entry.h">
      <Filter>Base</Filter>
    </ClInclude>
    <ClInclude Include="Base\Action.h">
      <Filter>Base</Filter>
    </ClInclude>
    <ClInclude Include="Base\IActionFactory.h">
      <Filter>Base</Filter>
    </ClInclude>
    <ClInclude Include="Action\Action1000.h">
      <Filter>Action</Filter>
    </ClInclude>
    <ClInclude Include="Action\Action1002.h">
      <Filter>Action</Filter>
    </ClInclude>
    <ClInclude Include="Action\Action9000.h">
      <Filter>Action</Filter>
    </ClInclude>
    <ClInclude Include="Context\Context.h">
      <Filter>Context</Filter>
    </ClInclude>
    <ClInclude Include="Context\GameServers.h">
      <Filter>Context</Filter>
    </ClInclude>
    <ClInclude Include="Entry\PlayerEntry.h">
      <Filter>Entry</Filter>
    </ClInclude>
    <ClInclude Include="Context\PlayerActionFactory.h">
      <Filter>Context</Filter>
    </ClInclude>
    <ClInclude Include="Entry\ServerEntry.h">
      <Filter>Entry</Filter>
    </ClInclude>
    <ClInclude Include="Context\ServerActionFactory.h">
      <Filter>Context</Filter>
    </ClInclude>
    <ClInclude Include="Context\OnlineOvertime.h">
      <Filter>Context</Filter>
    </ClInclude>
  </ItemGroup>
</Project>