<?xml version="1.0" encoding="utf-8"?>
<Project ToolsVersion="4.0" xmlns="http://schemas.microsoft.com/developer/msbuild/2003">
  <ItemGroup>
    <ClCompile Include="main.cpp" />
    <ClCompile Include="Application.cpp" />
    <ClCompile Include="Msg\AccountMsg.cpp">
      <Filter>Msg</Filter>
    </ClCompile>
    <ClCompile Include="Msg\BaseMsg.cpp">
      <Filter>Msg</Filter>
    </ClCompile>
    <ClCompile Include="LoginRequest.cpp" />
  </ItemGroup>
  <ItemGroup>
    <Filter Include="Msg">
      <UniqueIdentifier>{235caef1-4904-4cb3-aeb3-94265542ebc4}</UniqueIdentifier>
    </Filter>
  </ItemGroup>
  <ItemGroup>
    <ClInclude Include="Application.h" />
    <ClInclude Include="Msg\AccountMsg.h">
      <Filter>Msg</Filter>
    </ClInclude>
    <ClInclude Include="Msg\BaseMsg.h">
      <Filter>Msg</Filter>
    </ClInclude>
    <ClInclude Include="Msg\MsgType.h">
      <Filter>Msg</Filter>
    </ClInclude>
    <ClInclude Include="LoginRequest.h" />
  </ItemGroup>
</Project>