<?xml version="1.0" encoding="utf-8"?>
<Project ToolsVersion="4.0" xmlns="http://schemas.microsoft.com/developer/msbuild/2003">
  <ItemGroup>
    <ClCompile Include="main.cpp" />
    <ClCompile Include="Command.cpp" />
    <ClCompile Include="CommandBuilder.cpp" />
    <ClCompile Include="Connection.cpp" />
    <ClCompile Include="ConnectionBuilder.cpp" />
    <ClCompile Include="DataRow.cpp" />
    <ClCompile Include="DataTable.cpp" />
    <ClCompile Include="DataReader.cpp" />
    <ClCompile Include="DataField.cpp" />
    <ClCompile Include="FieldRow.cpp" />
    <ClCompile Include="DataItem.cpp" />
    <ClCompile Include="Log.cpp" />
  </ItemGroup>
  <ItemGroup>
    <ClInclude Include="sql_include.h" />
    <ClInclude Include="Command.h" />
    <ClInclude Include="CommandBuilder.h" />
    <ClInclude Include="Connection.h" />
    <ClInclude Include="ConnectionBuilder.h" />
    <ClInclude Include="DataRow.h" />
    <ClInclude Include="DataTable.h" />
    <ClInclude Include="DataReader.h" />
    <ClInclude Include="DataField.h" />
    <ClInclude Include="FieldRow.h" />
    <ClInclude Include="DataItem.h" />
    <ClInclude Include="Log.h" />
  </ItemGroup>
</Project>